
Microsoft Visual Studio Solution File, Format Version 12.00
Project("{FAE04EC0-301F-11D3-BF4B-00C04F79EFBC}") = "SE2_L1.Tests", "SE2_L1.Tests\SE2_L1.Tests.csproj", "{B94AEF32-530F-4A13-A1E4-5D3BCC203326}"
EndProject
Project("{FAE04EC0-301F-11D3-BF4B-00C04F79EFBC}") = "SE2_L1", "SE2_L1\SE2_L1.csproj", "{DBE59736-1B4A-4A12-AC9E-44BD8A704EC4}"
EndProject
Global
	GlobalSection(SolutionConfigurationPlatforms) = preSolution
		Debug|Any CPU = Debug|Any CPU
		Release|Any CPU = Release|Any CPU
	EndGlobalSection
	GlobalSection(ProjectConfigurationPlatforms) = postSolution
		{B94AEF32-530F-4A13-A1E4-5D3BCC203326}.Debug|Any CPU.ActiveCfg = Debug|Any CPU
		{B94AEF32-530F-4A13-A1E4-5D3BCC203326}.Debug|Any CPU.Build.0 = Debug|Any CPU
		{B94AEF32-530F-4A13-A1E4-5D3BCC203326}.Release|Any CPU.ActiveCfg = Release|Any CPU
		{B94AEF32-530F-4A13-A1E4-5D3BCC203326}.Release|Any CPU.Build.0 = Release|Any CPU
		{DBE59736-1B4A-4A12-AC9E-44BD8A704EC4}.Debug|Any CPU.ActiveCfg = Debug|Any CPU
		{DBE59736-1B4A-4A12-AC9E-44BD8A704EC4}.Debug|Any CPU.Build.0 = Debug|Any CPU
		{DBE59736-1B4A-4A12-AC9E-44BD8A704EC4}.Release|Any CPU.ActiveCfg = Release|Any CPU
		{DBE59736-1B4A-4A12-AC9E-44BD8A704EC4}.Release|Any CPU.Build.0 = Release|Any CPU
	EndGlobalSection
EndGlobal
